
Microsoft Visual Studio Solution File, Format Version 12.00
# Visual Studio Version 16
VisualStudioVersion = 16.0.29519.87
MinimumVisualStudioVersion = 10.0.40219.1
Project("{FAE04EC0-301F-11D3-BF4B-00C04F79EFBC}") = "Sandbox", "Sandbox\Sandbox.csproj", "{216EC47D-F11D-4FD0-AC0C-0324CCDBDEC0}"
EndProject
Global
	GlobalSection(SolutionConfigurationPlatforms) = preSolution
		Debug|Any CPU = Debug|Any CPU
		Release|Any CPU = Release|Any CPU
	EndGlobalSection
	GlobalSection(ProjectConfigurationPlatforms) = postSolution
		{216EC47D-F11D-4FD0-AC0C-0324CCDBDEC0}.Debug|Any CPU.ActiveCfg = Debug|Any CPU
		{216EC47D-F11D-4FD0-AC0C-0324CCDBDEC0}.Debug|Any CPU.Build.0 = Debug|Any CPU
		{216EC47D-F11D-4FD0-AC0C-0324CCDBDEC0}.Release|Any CPU.ActiveCfg = Release|Any CPU
		{216EC47D-F11D-4FD0-AC0C-0324CCDBDEC0}.Release|Any CPU.Build.0 = Release|Any CPU
	EndGlobalSection
	GlobalSection(SolutionProperties) = preSolution
		HideSolutionNode = FALSE
	EndGlobalSection
	GlobalSection(ExtensibilityGlobals) = postSolution
		SolutionGuid = {A1543A34-9DAC-414D-8029-DC61B6139656}
	EndGlobalSection
EndGlobal
